// !$*UTF8*$!
{
	archiveVersion = 1;
	classes = {
	};
	objectVersion = 56;
	objects = {

/* Begin PBXBuildFile section */
		540DE41A2BB0733B00E19D2A /* AppDelegate.swift in Sources */ = {isa = PBXBuildFile; fileRef = 540DE4192BB0733B00E19D2A /* AppDelegate.swift */; };
		540DE41C2BB0733B00E19D2A /* SceneDelegate.swift in Sources */ = {isa = PBXBuildFile; fileRef = 540DE41B2BB0733B00E19D2A /* SceneDelegate.swift */; };
		540DE41E2BB0733B00E19D2A /* ViewController.swift in Sources */ = {isa = PBXBuildFile; fileRef = 540DE41D2BB0733B00E19D2A /* ViewController.swift */; };
		540DE4232BB0733D00E19D2A /* Assets.xcassets in Resources */ = {isa = PBXBuildFile; fileRef = 540DE4222BB0733D00E19D2A /* Assets.xcassets */; };
		540DE4262BB0733D00E19D2A /* LaunchScreen.storyboard in Resources */ = {isa = PBXBuildFile; fileRef = 540DE4242BB0733D00E19D2A /* LaunchScreen.storyboard */; };
		540DE4332BB0797400E19D2A /* Model.swift in Sources */ = {isa = PBXBuildFile; fileRef = 540DE4322BB0797400E19D2A /* Model.swift */; };
		540DE4352BB0797D00E19D2A /* ViewModel.swift in Sources */ = {isa = PBXBuildFile; fileRef = 540DE4342BB0797D00E19D2A /* ViewModel.swift */; };
		540DE4372BB079AB00E19D2A /* NetworkService.swift in Sources */ = {isa = PBXBuildFile; fileRef = 540DE4362BB079AB00E19D2A /* NetworkService.swift */; };
		54E3E81B2BB186630088922A /* WeatherForecast.swift in Sources */ = {isa = PBXBuildFile; fileRef = 54E3E81A2BB186630088922A /* WeatherForecast.swift */; };
		54E3E81D2BB1F7F30088922A /* CitySearchResult.swift in Sources */ = {isa = PBXBuildFile; fileRef = 54E3E81C2BB1F7F30088922A /* CitySearchResult.swift */; };
		54E3E81F2BB2DB840088922A /* WeatherTableViewCell.swift in Sources */ = {isa = PBXBuildFile; fileRef = 54E3E81E2BB2DB840088922A /* WeatherTableViewCell.swift */; };
		9AF5B52AA8F86897FFD6C08B /* Pods_weather.framework in Frameworks */ = {isa = PBXBuildFile; fileRef = 0A12B0A81F5078999383253C /* Pods_weather.framework */; };
/* End PBXBuildFile section */

/* Begin PBXFileReference section */
		03E42B4B74014C7F20AD8E0C /* Pods-weather.debug.xcconfig */ = {isa = PBXFileReference; includeInIndex = 1; lastKnownFileType = text.xcconfig; name = "Pods-weather.debug.xcconfig"; path = "Target Support Files/Pods-weather/Pods-weather.debug.xcconfig"; sourceTree = "<group>"; };
		0A12B0A81F5078999383253C /* Pods_weather.framework */ = {isa = PBXFileReference; explicitFileType = wrapper.framework; includeInIndex = 0; path = Pods_weather.framework; sourceTree = BUILT_PRODUCTS_DIR; };
		540DE4162BB0733B00E19D2A /* weather.app */ = {isa = PBXFileReference; explicitFileType = wrapper.application; includeInIndex = 0; path = weather.app; sourceTree = BUILT_PRODUCTS_DIR; };
		540DE4192BB0733B00E19D2A /* AppDelegate.swift */ = {isa = PBXFileReference; lastKnownFileType = sourcecode.swift; path = AppDelegate.swift; sourceTree = "<group>"; };
		540DE41B2BB0733B00E19D2A /* SceneDelegate.swift */ = {isa = PBXFileReference; lastKnownFileType = sourcecode.swift; path = SceneDelegate.swift; sourceTree = "<group>"; };
		540DE41D2BB0733B00E19D2A /* ViewController.swift */ = {isa = PBXFileReference; lastKnownFileType = sourcecode.swift; path = ViewController.swift; sourceTree = "<group>"; };
		540DE4222BB0733D00E19D2A /* Assets.xcassets */ = {isa = PBXFileReference; lastKnownFileType = folder.assetcatalog; path = Assets.xcassets; sourceTree = "<group>"; };
		540DE4252BB0733D00E19D2A /* Base */ = {isa = PBXFileReference; lastKnownFileType = file.storyboard; name = Base; path = Base.lproj/LaunchScreen.storyboard; sourceTree = "<group>"; };
		540DE4272BB0733D00E19D2A /* Info.plist */ = {isa = PBXFileReference; lastKnownFileType = text.plist.xml; path = Info.plist; sourceTree = "<group>"; };
		540DE4322BB0797400E19D2A /* Model.swift */ = {isa = PBXFileReference; lastKnownFileType = sourcecode.swift; path = Model.swift; sourceTree = "<group>"; };
		540DE4342BB0797D00E19D2A /* ViewModel.swift */ = {isa = PBXFileReference; lastKnownFileType = sourcecode.swift; path = ViewModel.swift; sourceTree = "<group>"; };
		540DE4362BB079AB00E19D2A /* NetworkService.swift */ = {isa = PBXFileReference; lastKnownFileType = sourcecode.swift; path = NetworkService.swift; sourceTree = "<group>"; };
		54E3E81A2BB186630088922A /* WeatherForecast.swift */ = {isa = PBXFileReference; lastKnownFileType = sourcecode.swift; path = WeatherForecast.swift; sourceTree = "<group>"; };
		54E3E81C2BB1F7F30088922A /* CitySearchResult.swift */ = {isa = PBXFileReference; lastKnownFileType = sourcecode.swift; path = CitySearchResult.swift; sourceTree = "<group>"; };
		54E3E81E2BB2DB840088922A /* WeatherTableViewCell.swift */ = {isa = PBXFileReference; lastKnownFileType = sourcecode.swift; path = WeatherTableViewCell.swift; sourceTree = "<group>"; };
		D56C3AE95C302C459004A6B0 /* Pods-weather.release.xcconfig */ = {isa = PBXFileReference; includeInIndex = 1; lastKnownFileType = text.xcconfig; name = "Pods-weather.release.xcconfig"; path = "Target Support Files/Pods-weather/Pods-weather.release.xcconfig"; sourceTree = "<group>"; };
/* End PBXFileReference section */

/* Begin PBXFrameworksBuildPhase section */
		540DE4132BB0733B00E19D2A /* Frameworks */ = {
			isa = PBXFrameworksBuildPhase;
			buildActionMask = 2147483647;
			files = (
				9AF5B52AA8F86897FFD6C08B /* Pods_weather.framework in Frameworks */,
			);
			runOnlyForDeploymentPostprocessing = 0;
		};
/* End PBXFrameworksBuildPhase section */

/* Begin PBXGroup section */
		37FCF9C5218AAE7457D228E0 /* Pods */ = {
			isa = PBXGroup;
			children = (
				03E42B4B74014C7F20AD8E0C /* Pods-weather.debug.xcconfig */,
				D56C3AE95C302C459004A6B0 /* Pods-weather.release.xcconfig */,
			);
			path = Pods;
			sourceTree = "<group>";
		};
		540DE40D2BB0733B00E19D2A = {
			isa = PBXGroup;
			children = (
				540DE4182BB0733B00E19D2A /* weather */,
				540DE4172BB0733B00E19D2A /* Products */,
				37FCF9C5218AAE7457D228E0 /* Pods */,
				E225749FC4732DEAFA808771 /* Frameworks */,
			);
			sourceTree = "<group>";
		};
		540DE4172BB0733B00E19D2A /* Products */ = {
			isa = PBXGroup;
			children = (
				540DE4162BB0733B00E19D2A /* weather.app */,
			);
			name = Products;
			sourceTree = "<group>";
		};
		540DE4182BB0733B00E19D2A /* weather */ = {
			isa = PBXGroup;
			children = (
				54A202B62BB07C2F00AC0A6B /* Network */,
				54A202B52BB07C1500AC0A6B /* MainScreenModule */,
				540DE4192BB0733B00E19D2A /* AppDelegate.swift */,
				540DE41B2BB0733B00E19D2A /* SceneDelegate.swift */,
				540DE4222BB0733D00E19D2A /* Assets.xcassets */,
				540DE4242BB0733D00E19D2A /* LaunchScreen.storyboard */,
				540DE4272BB0733D00E19D2A /* Info.plist */,
			);
			path = weather;
			sourceTree = "<group>";
		};
		54A202B52BB07C1500AC0A6B /* MainScreenModule */ = {
			isa = PBXGroup;
			children = (
				540DE41D2BB0733B00E19D2A /* ViewController.swift */,
				540DE4342BB0797D00E19D2A /* ViewModel.swift */,
				540DE4322BB0797400E19D2A /* Model.swift */,
				54E3E81E2BB2DB840088922A /* WeatherTableViewCell.swift */,
			);
			path = MainScreenModule;
			sourceTree = "<group>";
		};
		54A202B62BB07C2F00AC0A6B /* Network */ = {
			isa = PBXGroup;
			children = (
				540DE4362BB079AB00E19D2A /* NetworkService.swift */,
				54E3E81A2BB186630088922A /* WeatherForecast.swift */,
				54E3E81C2BB1F7F30088922A /* CitySearchResult.swift */,
			);
			path = Network;
			sourceTree = "<group>";
		};
		E225749FC4732DEAFA808771 /* Frameworks */ = {
			isa = PBXGroup;
			children = (
				0A12B0A81F5078999383253C /* Pods_weather.framework */,
			);
			name = Frameworks;
			sourceTree = "<group>";
		};
/* End PBXGroup section */

/* Begin PBXNativeTarget section */
		540DE4152BB0733B00E19D2A /* weather */ = {
			isa = PBXNativeTarget;
			buildConfigurationList = 540DE42A2BB0733D00E19D2A /* Build configuration list for PBXNativeTarget "weather" */;
			buildPhases = (
				FFC4AFD9058A3E7106AAF911 /* [CP] Check Pods Manifest.lock */,
				540DE4122BB0733B00E19D2A /* Sources */,
				540DE4132BB0733B00E19D2A /* Frameworks */,
				540DE4142BB0733B00E19D2A /* Resources */,
				78A4361D38DC1093A59B3297 /* [CP] Embed Pods Frameworks */,
			);
			buildRules = (
			);
			dependencies = (
			);
			name = weather;
			productName = weather;
			productReference = 540DE4162BB0733B00E19D2A /* weather.app */;
			productType = "com.apple.product-type.application";
		};
/* End PBXNativeTarget section */

/* Begin PBXProject section */
		540DE40E2BB0733B00E19D2A /* Project object */ = {
			isa = PBXProject;
			attributes = {
				BuildIndependentTargetsInParallel = 1;
				LastSwiftUpdateCheck = 1520;
				LastUpgradeCheck = 1520;
				TargetAttributes = {
					540DE4152BB0733B00E19D2A = {
						CreatedOnToolsVersion = 15.2;
					};
				};
			};
			buildConfigurationList = 540DE4112BB0733B00E19D2A /* Build configuration list for PBXProject "weather" */;
			compatibilityVersion = "Xcode 14.0";
			developmentRegion = en;
			hasScannedForEncodings = 0;
			knownRegions = (
				en,
				Base,
			);
			mainGroup = 540DE40D2BB0733B00E19D2A;
			productRefGroup = 540DE4172BB0733B00E19D2A /* Products */;
			projectDirPath = "";
			projectRoot = "";
			targets = (
				540DE4152BB0733B00E19D2A /* weather */,
			);
		};
/* End PBXProject section */

/* Begin PBXResourcesBuildPhase section */
		540DE4142BB0733B00E19D2A /* Resources */ = {
			isa = PBXResourcesBuildPhase;
			buildActionMask = 2147483647;
			files = (
				540DE4262BB0733D00E19D2A /* LaunchScreen.storyboard in Resources */,
				540DE4232BB0733D00E19D2A /* Assets.xcassets in Resources */,
			);
			runOnlyForDeploymentPostprocessing = 0;
		};
/* End PBXResourcesBuildPhase section */

/* Begin PBXShellScriptBuildPhase section */
		78A4361D38DC1093A59B3297 /* [CP] Embed Pods Frameworks */ = {
			isa = PBXShellScriptBuildPhase;
			buildActionMask = 2147483647;
			files = (
			);
			inputFileListPaths = (
				"${PODS_ROOT}/Target Support Files/Pods-weather/Pods-weather-frameworks-${CONFIGURATION}-input-files.xcfilelist",
			);
			name = "[CP] Embed Pods Frameworks";
			outputFileListPaths = (
				"${PODS_ROOT}/Target Support Files/Pods-weather/Pods-weather-frameworks-${CONFIGURATION}-output-files.xcfilelist",
			);
			runOnlyForDeploymentPostprocessing = 0;
			shellPath = /bin/sh;
			shellScript = "\"${PODS_ROOT}/Target Support Files/Pods-weather/Pods-weather-frameworks.sh\"\n";
			showEnvVarsInLog = 0;
		};
		FFC4AFD9058A3E7106AAF911 /* [CP] Check Pods Manifest.lock */ = {
			isa = PBXShellScriptBuildPhase;
			buildActionMask = 2147483647;
			files = (
			);
			inputFileListPaths = (
			);
			inputPaths = (
				"${PODS_PODFILE_DIR_PATH}/Podfile.lock",
				"${PODS_ROOT}/Manifest.lock",
			);
			name = "[CP] Check Pods Manifest.lock";
			outputFileListPaths = (
			);
			outputPaths = (
				"$(DERIVED_FILE_DIR)/Pods-weather-checkManifestLockResult.txt",
			);
			runOnlyForDeploymentPostprocessing = 0;
			shellPath = /bin/sh;
			shellScript = "diff \"${PODS_PODFILE_DIR_PATH}/Podfile.lock\" \"${PODS_ROOT}/Manifest.lock\" > /dev/null\nif [ $? != 0 ] ; then\n    # print error to STDERR\n    echo \"error: The sandbox is not in sync with the Podfile.lock. Run 'pod install' or update your CocoaPods installation.\" >&2\n    exit 1\nfi\n# This output is used by Xcode 'outputs' to avoid re-running this script phase.\necho \"SUCCESS\" > \"${SCRIPT_OUTPUT_FILE_0}\"\n";
			showEnvVarsInLog = 0;
		};
/* End PBXShellScriptBuildPhase section */

/* Begin PBXSourcesBuildPhase section */
		540DE4122BB0733B00E19D2A /* Sources */ = {
			isa = PBXSourcesBuildPhase;
			buildActionMask = 2147483647;
			files = (
				540DE4352BB0797D00E19D2A /* ViewModel.swift in Sources */,
				540DE41E2BB0733B00E19D2A /* ViewController.swift in Sources */,
				54E3E81B2BB186630088922A /* WeatherForecast.swift in Sources */,
				540DE41A2BB0733B00E19D2A /* AppDelegate.swift in Sources */,
				54E3E81D2BB1F7F30088922A /* CitySearchResult.swift in Sources */,
				540DE41C2BB0733B00E19D2A /* SceneDelegate.swift in Sources */,
				54E3E81F2BB2DB840088922A /* WeatherTableViewCell.swift in Sources */,
				540DE4372BB079AB00E19D2A /* NetworkService.swift in Sources */,
				540DE4332BB0797400E19D2A /* Model.swift in Sources */,
			);
			runOnlyForDeploymentPostprocessing = 0;
		};
/* End PBXSourcesBuildPhase section */

/* Begin PBXVariantGroup section */
		540DE4242BB0733D00E19D2A /* LaunchScreen.storyboard */ = {
			isa = PBXVariantGroup;
			children = (
				540DE4252BB0733D00E19D2A /* Base */,
			);
			name = LaunchScreen.storyboard;
			sourceTree = "<group>";
		};
/* End PBXVariantGroup section */

/* Begin XCBuildConfiguration section */
		540DE4282BB0733D00E19D2A /* Debug */ = {
			isa = XCBuildConfiguration;
			buildSettings = {
				ALWAYS_SEARCH_USER_PATHS = NO;
				ASSETCATALOG_COMPILER_GENERATE_SWIFT_ASSET_SYMBOL_EXTENSIONS = YES;
				CLANG_ANALYZER_NONNULL = YES;
				CLANG_ANALYZER_NUMBER_OBJECT_CONVERSION = YES_AGGRESSIVE;
				CLANG_CXX_LANGUAGE_STANDARD = "gnu++20";
				CLANG_ENABLE_MODULES = YES;
				CLANG_ENABLE_OBJC_ARC = YES;
				CLANG_ENABLE_OBJC_WEAK = YES;
				CLANG_WARN_BLOCK_CAPTURE_AUTORELEASING = YES;
				CLANG_WARN_BOOL_CONVERSION = YES;
				CLANG_WARN_COMMA = YES;
				CLANG_WARN_CONSTANT_CONVERSION = YES;
				CLANG_WARN_DEPRECATED_OBJC_IMPLEMENTATIONS = YES;
				CLANG_WARN_DIRECT_OBJC_ISA_USAGE = YES_ERROR;
				CLANG_WARN_DOCUMENTATION_COMMENTS = YES;
				CLANG_WARN_EMPTY_BODY = YES;
				CLANG_WARN_ENUM_CONVERSION = YES;
				CLANG_WARN_INFINITE_RECURSION = YES;
				CLANG_WARN_INT_CONVERSION = YES;
				CLANG_WARN_NON_LITERAL_NULL_CONVERSION = YES;
				CLANG_WARN_OBJC_IMPLICIT_RETAIN_SELF = YES;
				CLANG_WARN_OBJC_LITERAL_CONVERSION = YES;
				CLANG_WARN_OBJC_ROOT_CLASS = YES_ERROR;
				CLANG_WARN_QUOTED_INCLUDE_IN_FRAMEWORK_HEADER = YES;
				CLANG_WARN_RANGE_LOOP_ANALYSIS = YES;
				CLANG_WARN_STRICT_PROTOTYPES = YES;
				CLANG_WARN_SUSPICIOUS_MOVE = YES;
				CLANG_WARN_UNGUARDED_AVAILABILITY = YES_AGGRESSIVE;
				CLANG_WARN_UNREACHABLE_CODE = YES;
				CLANG_WARN__DUPLICATE_METHOD_MATCH = YES;
				COPY_PHASE_STRIP = NO;
				DEBUG_INFORMATION_FORMAT = dwarf;
				ENABLE_STRICT_OBJC_MSGSEND = YES;
				ENABLE_TESTABILITY = YES;
				ENABLE_USER_SCRIPT_SANDBOXING = YES;
				GCC_C_LANGUAGE_STANDARD = gnu17;
				GCC_DYNAMIC_NO_PIC = NO;
				GCC_NO_COMMON_BLOCKS = YES;
				GCC_OPTIMIZATION_LEVEL = 0;
				GCC_PREPROCESSOR_DEFINITIONS = (
					"DEBUG=1",
					"$(inherited)",
				);
				GCC_WARN_64_TO_32_BIT_CONVERSION = YES;
				GCC_WARN_ABOUT_RETURN_TYPE = YES_ERROR;
				GCC_WARN_UNDECLARED_SELECTOR = YES;
				GCC_WARN_UNINITIALIZED_AUTOS = YES_AGGRESSIVE;
				GCC_WARN_UNUSED_FUNCTION = YES;
				GCC_WARN_UNUSED_VARIABLE = YES;
				IPHONEOS_DEPLOYMENT_TARGET = 17.2;
				LOCALIZATION_PREFERS_STRING_CATALOGS = YES;
				MTL_ENABLE_DEBUG_INFO = INCLUDE_SOURCE;
				MTL_FAST_MATH = YES;
				ONLY_ACTIVE_ARCH = YES;
				SDKROOT = iphoneos;
				SWIFT_ACTIVE_COMPILATION_CONDITIONS = "DEBUG $(inherited)";
				SWIFT_OPTIMIZATION_LEVEL = "-Onone";
			};
			name = Debug;
		};
		540DE4292BB0733D00E19D2A /* Release */ = {
			isa = XCBuildConfiguration;
			buildSettings = {
				ALWAYS_SEARCH_USER_PATHS = NO;
				ASSETCATALOG_COMPILER_GENERATE_SWIFT_ASSET_SYMBOL_EXTENSIONS = YES;
				CLANG_ANALYZER_NONNULL = YES;
				CLANG_ANALYZER_NUMBER_OBJECT_CONVERSION = YES_AGGRESSIVE;
				CLANG_CXX_LANGUAGE_STANDARD = "gnu++20";
				CLANG_ENABLE_MODULES = YES;
				CLANG_ENABLE_OBJC_ARC = YES;
				CLANG_ENABLE_OBJC_WEAK = YES;
				CLANG_WARN_BLOCK_CAPTURE_AUTORELEASING = YES;
				CLANG_WARN_BOOL_CONVERSION = YES;
				CLANG_WARN_COMMA = YES;
				CLANG_WARN_CONSTANT_CONVERSION = YES;
				CLANG_WARN_DEPRECATED_OBJC_IMPLEMENTATIONS = YES;
				CLANG_WARN_DIRECT_OBJC_ISA_USAGE = YES_ERROR;
				CLANG_WARN_DOCUMENTATION_COMMENTS = YES;
				CLANG_WARN_EMPTY_BODY = YES;
				CLANG_WARN_ENUM_CONVERSION = YES;
				CLANG_WARN_INFINITE_RECURSION = YES;
				CLANG_WARN_INT_CONVERSION = YES;
				CLANG_WARN_NON_LITERAL_NULL_CONVERSION = YES;
				CLANG_WARN_OBJC_IMPLICIT_RETAIN_SELF = YES;
				CLANG_WARN_OBJC_LITERAL_CONVERSION = YES;
				CLANG_WARN_OBJC_ROOT_CLASS = YES_ERROR;
				CLANG_WARN_QUOTED_INCLUDE_IN_FRAMEWORK_HEADER = YES;
				CLANG_WARN_RANGE_LOOP_ANALYSIS = YES;
				CLANG_WARN_STRICT_PROTOTYPES = YES;
				CLANG_WARN_SUSPICIOUS_MOVE = YES;
				CLANG_WARN_UNGUARDED_AVAILABILITY = YES_AGGRESSIVE;
				CLANG_WARN_UNREACHABLE_CODE = YES;
				CLANG_WARN__DUPLICATE_METHOD_MATCH = YES;
				COPY_PHASE_STRIP = NO;
				DEBUG_INFORMATION_FORMAT = "dwarf-with-dsym";
				ENABLE_NS_ASSERTIONS = NO;
				ENABLE_STRICT_OBJC_MSGSEND = YES;
				ENABLE_USER_SCRIPT_SANDBOXING = YES;
				GCC_C_LANGUAGE_STANDARD = gnu17;
				GCC_NO_COMMON_BLOCKS = YES;
				GCC_WARN_64_TO_32_BIT_CONVERSION = YES;
				GCC_WARN_ABOUT_RETURN_TYPE = YES_ERROR;
				GCC_WARN_UNDECLARED_SELECTOR = YES;
				GCC_WARN_UNINITIALIZED_AUTOS = YES_AGGRESSIVE;
				GCC_WARN_UNUSED_FUNCTION = YES;
				GCC_WARN_UNUSED_VARIABLE = YES;
				IPHONEOS_DEPLOYMENT_TARGET = 17.2;
				LOCALIZATION_PREFERS_STRING_CATALOGS = YES;
				MTL_ENABLE_DEBUG_INFO = NO;
				MTL_FAST_MATH = YES;
				SDKROOT = iphoneos;
				SWIFT_COMPILATION_MODE = wholemodule;
				VALIDATE_PRODUCT = YES;
			};
			name = Release;
		};
		540DE42B2BB0733D00E19D2A /* Debug */ = {
			isa = XCBuildConfiguration;
			baseConfigurationReference = 03E42B4B74014C7F20AD8E0C /* Pods-weather.debug.xcconfig */;
			buildSettings = {
				ASSETCATALOG_COMPILER_APPICON_NAME = AppIcon;
				ASSETCATALOG_COMPILER_GLOBAL_ACCENT_COLOR_NAME = AccentColor;
				CODE_SIGN_STYLE = Automatic;
				CURRENT_PROJECT_VERSION = 1;
				DEVELOPMENT_TEAM = JX83P862UK;
				ENABLE_USER_SCRIPT_SANDBOXING = NO;
				GENERATE_INFOPLIST_FILE = YES;
				INFOPLIST_FILE = weather/Info.plist;
				INFOPLIST_KEY_UIApplicationSupportsIndirectInputEvents = YES;
				INFOPLIST_KEY_UILaunchStoryboardName = LaunchScreen;
				INFOPLIST_KEY_UISupportedInterfaceOrientations_iPad = "UIInterfaceOrientationPortrait UIInterfaceOrientationPortraitUpsideDown UIInterfaceOrientationLandscapeLeft UIInterfaceOrientationLandscapeRight";
				INFOPLIST_KEY_UISupportedInterfaceOrientations_iPhone = "UIInterfaceOrientationPortrait UIInterfaceOrientationLandscapeLeft UIInterfaceOrientationLandscapeRight";
				LD_RUNPATH_SEARCH_PATHS = (
					"$(inherited)",
					"@executable_path/Frameworks",
				);
				MARKETING_VERSION = 1.0;
				PRODUCT_BUNDLE_IDENTIFIER = AnastasizZdobnova.weather;
				PRODUCT_NAME = "$(TARGET_NAME)";
				SWIFT_EMIT_LOC_STRINGS = YES;
				SWIFT_VERSION = 5.0;
				TARGETED_DEVICE_FAMILY = "1,2";
			};
			name = Debug;
		};
		540DE42C2BB0733D00E19D2A /* Release */ = {
			isa = XCBuildConfiguration;
			baseConfigurationReference = D56C3AE95C302C459004A6B0 /* Pods-weather.release.xcconfig */;
			buildSettings = {
				ASSETCATALOG_COMPILER_APPICON_NAME = AppIcon;
				ASSETCATALOG_COMPILER_GLOBAL_ACCENT_COLOR_NAME = AccentColor;
				CODE_SIGN_STYLE = Automatic;
				CURRENT_PROJECT_VERSION = 1;
				DEVELOPMENT_TEAM = JX83P862UK;
				ENABLE_USER_SCRIPT_SANDBOXING = NO;
				GENERATE_INFOPLIST_FILE = YES;
				INFOPLIST_FILE = weather/Info.plist;
				INFOPLIST_KEY_UIApplicationSupportsIndirectInputEvents = YES;
				INFOPLIST_KEY_UILaunchStoryboardName = LaunchScreen;
				INFOPLIST_KEY_UISupportedInterfaceOrientations_iPad = "UIInterfaceOrientationPortrait UIInterfaceOrientationPortraitUpsideDown UIInterfaceOrientationLandscapeLeft UIInterfaceOrientationLandscapeRight";
				INFOPLIST_KEY_UISupportedInterfaceOrientations_iPhone = "UIInterfaceOrientationPortrait UIInterfaceOrientationLandscapeLeft UIInterfaceOrientationLandscapeRight";
				LD_RUNPATH_SEARCH_PATHS = (
					"$(inherited)",
					"@executable_path/Frameworks",
				);
				MARKETING_VERSION = 1.0;
				PRODUCT_BUNDLE_IDENTIFIER = AnastasizZdobnova.weather;
				PRODUCT_NAME = "$(TARGET_NAME)";
				SWIFT_EMIT_LOC_STRINGS = YES;
				SWIFT_VERSION = 5.0;
				TARGETED_DEVICE_FAMILY = "1,2";
			};
			name = Release;
		};
/* End XCBuildConfiguration section */

/* Begin XCConfigurationList section */
		540DE4112BB0733B00E19D2A /* Build configuration list for PBXProject "weather" */ = {
			isa = XCConfigurationList;
			buildConfigurations = (
				540DE4282BB0733D00E19D2A /* Debug */,
				540DE4292BB0733D00E19D2A /* Release */,
			);
			defaultConfigurationIsVisible = 0;
			defaultConfigurationName = Release;
		};
		540DE42A2BB0733D00E19D2A /* Build configuration list for PBXNativeTarget "weather" */ = {
			isa = XCConfigurationList;
			buildConfigurations = (
				540DE42B2BB0733D00E19D2A /* Debug */,
				540DE42C2BB0733D00E19D2A /* Release */,
			);
			defaultConfigurationIsVisible = 0;
			defaultConfigurationName = Release;
		};
/* End XCConfigurationList section */
	};
	rootObject = 540DE40E2BB0733B00E19D2A /* Project object */;
}
